// !$*UTF8*$!
{
	archiveVersion = 1;
	classes = {
	};
	objectVersion = 46;
	objects = {

/* Begin PBXBuildFile section */
		7EC9C8B21DCEE69E0049D11F /* AppDelegate.swift in Sources */ = {isa = PBXBuildFile; fileRef = 7EC9C8B11DCEE69E0049D11F /* AppDelegate.swift */; };
		7EC9C8B71DCEE69E0049D11F /* Main.storyboard in Resources */ = {isa = PBXBuildFile; fileRef = 7EC9C8B51DCEE69E0049D11F /* Main.storyboard */; };
		7EC9C8BA1DCEE69E0049D11F /* Bandaru_CoreDataGoesHollywood.xcdatamodeld in Sources */ = {isa = PBXBuildFile; fileRef = 7EC9C8B81DCEE69E0049D11F /* Bandaru_CoreDataGoesHollywood.xcdatamodeld */; };
		7EC9C8BC1DCEE69E0049D11F /* Assets.xcassets in Resources */ = {isa = PBXBuildFile; fileRef = 7EC9C8BB1DCEE69E0049D11F /* Assets.xcassets */; };
		7EC9C8BF1DCEE69E0049D11F /* LaunchScreen.storyboard in Resources */ = {isa = PBXBuildFile; fileRef = 7EC9C8BD1DCEE69E0049D11F /* LaunchScreen.storyboard */; };
		7EC9C8C71DCEE7310049D11F /* MoviesViewController.swift in Sources */ = {isa = PBXBuildFile; fileRef = 7EC9C8C61DCEE7310049D11F /* MoviesViewController.swift */; };
		7EC9C8C91DCEE7490049D11F /* AddMovieViewController.swift in Sources */ = {isa = PBXBuildFile; fileRef = 7EC9C8C81DCEE7490049D11F /* AddMovieViewController.swift */; };
		7EC9C8CB1DCEE7650049D11F /* DirectorsViewController.swift in Sources */ = {isa = PBXBuildFile; fileRef = 7EC9C8CA1DCEE7650049D11F /* DirectorsViewController.swift */; };
		7EC9C8CD1DCEE77E0049D11F /* AddDirectorMovieController.swift in Sources */ = {isa = PBXBuildFile; fileRef = 7EC9C8CC1DCEE77E0049D11F /* AddDirectorMovieController.swift */; };
		7EC9C8F51DCEEFBF0049D11F /* Movie.png in Resources */ = {isa = PBXBuildFile; fileRef = 7EC9C8F41DCEEFBF0049D11F /* Movie.png */; };
		7EC9C8F71DCEEFC70049D11F /* Director.png in Resources */ = {isa = PBXBuildFile; fileRef = 7EC9C8F61DCEEFC70049D11F /* Director.png */; };
		7EC9C8F91DCF16D60049D11F /* HollywoodDreamMaker.swift in Sources */ = {isa = PBXBuildFile; fileRef = 7EC9C8F81DCF16D60049D11F /* HollywoodDreamMaker.swift */; };
		7EC9C8FE1DCF171E0049D11F /* Movie+CoreDataProperties.swift in Sources */ = {isa = PBXBuildFile; fileRef = 7EC9C8FA1DCF171E0049D11F /* Movie+CoreDataProperties.swift */; };
		7EC9C8FF1DCF171E0049D11F /* Movie.swift in Sources */ = {isa = PBXBuildFile; fileRef = 7EC9C8FB1DCF171E0049D11F /* Movie.swift */; };
		7EC9C9001DCF171E0049D11F /* Director+CoreDataProperties.swift in Sources */ = {isa = PBXBuildFile; fileRef = 7EC9C8FC1DCF171E0049D11F /* Director+CoreDataProperties.swift */; };
		7EC9C9011DCF171E0049D11F /* Director.swift in Sources */ = {isa = PBXBuildFile; fileRef = 7EC9C8FD1DCF171E0049D11F /* Director.swift */; };
/* End PBXBuildFile section */

/* Begin PBXFileReference section */
		7EC9C8AE1DCEE69E0049D11F /* Bandaru_CoreDataGoesHollywood.app */ = {isa = PBXFileReference; explicitFileType = wrapper.application; includeInIndex = 0; path = Bandaru_CoreDataGoesHollywood.app; sourceTree = BUILT_PRODUCTS_DIR; };
		7EC9C8B11DCEE69E0049D11F /* AppDelegate.swift */ = {isa = PBXFileReference; lastKnownFileType = sourcecode.swift; path = AppDelegate.swift; sourceTree = "<group>"; };
		7EC9C8B61DCEE69E0049D11F /* Base */ = {isa = PBXFileReference; lastKnownFileType = file.storyboard; name = Base; path = Base.lproj/Main.storyboard; sourceTree = "<group>"; };
		7EC9C8B91DCEE69E0049D11F /* Bandaru_CoreDataGoesHollywood.xcdatamodel */ = {isa = PBXFileReference; lastKnownFileType = wrapper.xcdatamodel; path = Bandaru_CoreDataGoesHollywood.xcdatamodel; sourceTree = "<group>"; };
		7EC9C8BB1DCEE69E0049D11F /* Assets.xcassets */ = {isa = PBXFileReference; lastKnownFileType = folder.assetcatalog; path = Assets.xcassets; sourceTree = "<group>"; };
		7EC9C8BE1DCEE69E0049D11F /* Base */ = {isa = PBXFileReference; lastKnownFileType = file.storyboard; name = Base; path = Base.lproj/LaunchScreen.storyboard; sourceTree = "<group>"; };
		7EC9C8C01DCEE69E0049D11F /* Info.plist */ = {isa = PBXFileReference; lastKnownFileType = text.plist.xml; path = Info.plist; sourceTree = "<group>"; };
		7EC9C8C61DCEE7310049D11F /* MoviesViewController.swift */ = {isa = PBXFileReference; fileEncoding = 4; lastKnownFileType = sourcecode.swift; path = MoviesViewController.swift; sourceTree = "<group>"; };
		7EC9C8C81DCEE7490049D11F /* AddMovieViewController.swift */ = {isa = PBXFileReference; fileEncoding = 4; lastKnownFileType = sourcecode.swift; path = AddMovieViewController.swift; sourceTree = "<group>"; };
		7EC9C8CA1DCEE7650049D11F /* DirectorsViewController.swift */ = {isa = PBXFileReference; fileEncoding = 4; lastKnownFileType = sourcecode.swift; path = DirectorsViewController.swift; sourceTree = "<group>"; };
		7EC9C8CC1DCEE77E0049D11F /* AddDirectorMovieController.swift */ = {isa = PBXFileReference; fileEncoding = 4; lastKnownFileType = sourcecode.swift; path = AddDirectorMovieController.swift; sourceTree = "<group>"; };
		7EC9C8F41DCEEFBF0049D11F /* Movie.png */ = {isa = PBXFileReference; lastKnownFileType = image.png; path = Movie.png; sourceTree = "<group>"; };
		7EC9C8F61DCEEFC70049D11F /* Director.png */ = {isa = PBXFileReference; lastKnownFileType = image.png; path = Director.png; sourceTree = "<group>"; };
		7EC9C8F81DCF16D60049D11F /* HollywoodDreamMaker.swift */ = {isa = PBXFileReference; fileEncoding = 4; lastKnownFileType = sourcecode.swift; path = HollywoodDreamMaker.swift; sourceTree = "<group>"; };
		7EC9C8FA1DCF171E0049D11F /* Movie+CoreDataProperties.swift */ = {isa = PBXFileReference; fileEncoding = 4; lastKnownFileType = sourcecode.swift; path = "Movie+CoreDataProperties.swift"; sourceTree = "<group>"; };
		7EC9C8FB1DCF171E0049D11F /* Movie.swift */ = {isa = PBXFileReference; fileEncoding = 4; lastKnownFileType = sourcecode.swift; path = Movie.swift; sourceTree = "<group>"; };
		7EC9C8FC1DCF171E0049D11F /* Director+CoreDataProperties.swift */ = {isa = PBXFileReference; fileEncoding = 4; lastKnownFileType = sourcecode.swift; path = "Director+CoreDataProperties.swift"; sourceTree = "<group>"; };
		7EC9C8FD1DCF171E0049D11F /* Director.swift */ = {isa = PBXFileReference; fileEncoding = 4; lastKnownFileType = sourcecode.swift; path = Director.swift; sourceTree = "<group>"; };
/* End PBXFileReference section */

/* Begin PBXFrameworksBuildPhase section */
		7EC9C8AB1DCEE69E0049D11F /* Frameworks */ = {
			isa = PBXFrameworksBuildPhase;
			buildActionMask = 2147483647;
			files = (
			);
			runOnlyForDeploymentPostprocessing = 0;
		};
/* End PBXFrameworksBuildPhase section */

/* Begin PBXGroup section */
		7EC9C8A51DCEE69E0049D11F = {
			isa = PBXGroup;
			children = (
				7EC9C8FA1DCF171E0049D11F /* Movie+CoreDataProperties.swift */,
				7EC9C8FB1DCF171E0049D11F /* Movie.swift */,
				7EC9C8FC1DCF171E0049D11F /* Director+CoreDataProperties.swift */,
				7EC9C8FD1DCF171E0049D11F /* Director.swift */,
				7EC9C8B01DCEE69E0049D11F /* Bandaru_CoreDataGoesHollywood */,
				7EC9C8AF1DCEE69E0049D11F /* Products */,
			);
			sourceTree = "<group>";
		};
		7EC9C8AF1DCEE69E0049D11F /* Products */ = {
			isa = PBXGroup;
			children = (
				7EC9C8AE1DCEE69E0049D11F /* Bandaru_CoreDataGoesHollywood.app */,
			);
			name = Products;
			sourceTree = "<group>";
		};
		7EC9C8B01DCEE69E0049D11F /* Bandaru_CoreDataGoesHollywood */ = {
			isa = PBXGroup;
			children = (
				7EC9C8F31DCEEF0B0049D11F /* Images */,
				7EC9C8B11DCEE69E0049D11F /* AppDelegate.swift */,
				7EC9C8B51DCEE69E0049D11F /* Main.storyboard */,
				7EC9C8C61DCEE7310049D11F /* MoviesViewController.swift */,
				7EC9C8C81DCEE7490049D11F /* AddMovieViewController.swift */,
				7EC9C8CA1DCEE7650049D11F /* DirectorsViewController.swift */,
				7EC9C8CC1DCEE77E0049D11F /* AddDirectorMovieController.swift */,
				7EC9C8BB1DCEE69E0049D11F /* Assets.xcassets */,
				7EC9C8BD1DCEE69E0049D11F /* LaunchScreen.storyboard */,
				7EC9C8C01DCEE69E0049D11F /* Info.plist */,
				7EC9C8F81DCF16D60049D11F /* HollywoodDreamMaker.swift */,
				7EC9C8B81DCEE69E0049D11F /* Bandaru_CoreDataGoesHollywood.xcdatamodeld */,
			);
			path = Bandaru_CoreDataGoesHollywood;
			sourceTree = "<group>";
		};
		7EC9C8F31DCEEF0B0049D11F /* Images */ = {
			isa = PBXGroup;
			children = (
				7EC9C8F61DCEEFC70049D11F /* Director.png */,
				7EC9C8F41DCEEFBF0049D11F /* Movie.png */,
			);
			name = Images;
			sourceTree = "<group>";
		};
/* End PBXGroup section */

/* Begin PBXNativeTarget section */
		7EC9C8AD1DCEE69E0049D11F /* Bandaru_CoreDataGoesHollywood */ = {
			isa = PBXNativeTarget;
			buildConfigurationList = 7EC9C8C31DCEE69E0049D11F /* Build configuration list for PBXNativeTarget "Bandaru_CoreDataGoesHollywood" */;
			buildPhases = (
				7EC9C8AA1DCEE69E0049D11F /* Sources */,
				7EC9C8AB1DCEE69E0049D11F /* Frameworks */,
				7EC9C8AC1DCEE69E0049D11F /* Resources */,
			);
			buildRules = (
			);
			dependencies = (
			);
			name = Bandaru_CoreDataGoesHollywood;
			productName = Bandaru_CoreDataGoesHollywood;
			productReference = 7EC9C8AE1DCEE69E0049D11F /* Bandaru_CoreDataGoesHollywood.app */;
			productType = "com.apple.product-type.application";
		};
/* End PBXNativeTarget section */

/* Begin PBXProject section */
		7EC9C8A61DCEE69E0049D11F /* Project object */ = {
			isa = PBXProject;
			attributes = {
				LastSwiftUpdateCheck = 0730;
				LastUpgradeCheck = 0730;
				ORGANIZATIONNAME = "sreekanth bandaru";
				TargetAttributes = {
					7EC9C8AD1DCEE69E0049D11F = {
						CreatedOnToolsVersion = 7.3.1;
					};
				};
			};
			buildConfigurationList = 7EC9C8A91DCEE69E0049D11F /* Build configuration list for PBXProject "Bandaru_CoreDataGoesHollywood" */;
			compatibilityVersion = "Xcode 3.2";
			developmentRegion = English;
			hasScannedForEncodings = 0;
			knownRegions = (
				en,
				Base,
			);
			mainGroup = 7EC9C8A51DCEE69E0049D11F;
			productRefGroup = 7EC9C8AF1DCEE69E0049D11F /* Products */;
			projectDirPath = "";
			projectRoot = "";
			targets = (
				7EC9C8AD1DCEE69E0049D11F /* Bandaru_CoreDataGoesHollywood */,
			);
		};
/* End PBXProject section */

/* Begin PBXResourcesBuildPhase section */
		7EC9C8AC1DCEE69E0049D11F /* Resources */ = {
			isa = PBXResourcesBuildPhase;
			buildActionMask = 2147483647;
			files = (
				7EC9C8F71DCEEFC70049D11F /* Director.png in Resources */,
				7EC9C8BF1DCEE69E0049D11F /* LaunchScreen.storyboard in Resources */,
				7EC9C8BC1DCEE69E0049D11F /* Assets.xcassets in Resources */,
				7EC9C8F51DCEEFBF0049D11F /* Movie.png in Resources */,
				7EC9C8B71DCEE69E0049D11F /* Main.storyboard in Resources */,
			);
			runOnlyForDeploymentPostprocessing = 0;
		};
/* End PBXResourcesBuildPhase section */

/* Begin PBXSourcesBuildPhase section */
		7EC9C8AA1DCEE69E0049D11F /* Sources */ = {
			isa = PBXSourcesBuildPhase;
			buildActionMask = 2147483647;
			files = (
				7EC9C8BA1DCEE69E0049D11F /* Bandaru_CoreDataGoesHollywood.xcdatamodeld in Sources */,
				7EC9C9001DCF171E0049D11F /* Director+CoreDataProperties.swift in Sources */,
				7EC9C8B21DCEE69E0049D11F /* AppDelegate.swift in Sources */,
				7EC9C8FF1DCF171E0049D11F /* Movie.swift in Sources */,
				7EC9C8CD1DCEE77E0049D11F /* AddDirectorMovieController.swift in Sources */,
				7EC9C8C71DCEE7310049D11F /* MoviesViewController.swift in Sources */,
				7EC9C8FE1DCF171E0049D11F /* Movie+CoreDataProperties.swift in Sources */,
				7EC9C8C91DCEE7490049D11F /* AddMovieViewController.swift in Sources */,
				7EC9C8CB1DCEE7650049D11F /* DirectorsViewController.swift in Sources */,
				7EC9C8F91DCF16D60049D11F /* HollywoodDreamMaker.swift in Sources */,
				7EC9C9011DCF171E0049D11F /* Director.swift in Sources */,
			);
			runOnlyForDeploymentPostprocessing = 0;
		};
/* End PBXSourcesBuildPhase section */

/* Begin PBXVariantGroup section */
		7EC9C8B51DCEE69E0049D11F /* Main.storyboard */ = {
			isa = PBXVariantGroup;
			children = (
				7EC9C8B61DCEE69E0049D11F /* Base */,
			);
			name = Main.storyboard;
			sourceTree = "<group>";
		};
		7EC9C8BD1DCEE69E0049D11F /* LaunchScreen.storyboard */ = {
			isa = PBXVariantGroup;
			children = (
				7EC9C8BE1DCEE69E0049D11F /* Base */,
			);
			name = LaunchScreen.storyboard;
			sourceTree = "<group>";
		};
/* End PBXVariantGroup section */

/* Begin XCBuildConfiguration section */
		7EC9C8C11DCEE69E0049D11F /* Debug */ = {
			isa = XCBuildConfiguration;
			buildSettings = {
				ALWAYS_SEARCH_USER_PATHS = NO;
				CLANG_ANALYZER_NONNULL = YES;
				CLANG_CXX_LANGUAGE_STANDARD = "gnu++0x";
				CLANG_CXX_LIBRARY = "libc++";
				CLANG_ENABLE_MODULES = YES;
				CLANG_ENABLE_OBJC_ARC = YES;
				CLANG_WARN_BOOL_CONVERSION = YES;
				CLANG_WARN_CONSTANT_CONVERSION = YES;
				CLANG_WARN_DIRECT_OBJC_ISA_USAGE = YES_ERROR;
				CLANG_WARN_EMPTY_BODY = YES;
				CLANG_WARN_ENUM_CONVERSION = YES;
				CLANG_WARN_INT_CONVERSION = YES;
				CLANG_WARN_OBJC_ROOT_CLASS = YES_ERROR;
				CLANG_WARN_UNREACHABLE_CODE = YES;
				CLANG_WARN__DUPLICATE_METHOD_MATCH = YES;
				"CODE_SIGN_IDENTITY[sdk=iphoneos*]" = "iPhone Developer";
				COPY_PHASE_STRIP = NO;
				DEBUG_INFORMATION_FORMAT = dwarf;
				ENABLE_STRICT_OBJC_MSGSEND = YES;
				ENABLE_TESTABILITY = YES;
				GCC_C_LANGUAGE_STANDARD = gnu99;
				GCC_DYNAMIC_NO_PIC = NO;
				GCC_NO_COMMON_BLOCKS = YES;
				GCC_OPTIMIZATION_LEVEL = 0;
				GCC_PREPROCESSOR_DEFINITIONS = (
					"DEBUG=1",
					"$(inherited)",
				);
				GCC_WARN_64_TO_32_BIT_CONVERSION = YES;
				GCC_WARN_ABOUT_RETURN_TYPE = YES_ERROR;
				GCC_WARN_UNDECLARED_SELECTOR = YES;
				GCC_WARN_UNINITIALIZED_AUTOS = YES_AGGRESSIVE;
				GCC_WARN_UNUSED_FUNCTION = YES;
				GCC_WARN_UNUSED_VARIABLE = YES;
				IPHONEOS_DEPLOYMENT_TARGET = 9.3;
				MTL_ENABLE_DEBUG_INFO = YES;
				ONLY_ACTIVE_ARCH = YES;
				SDKROOT = iphoneos;
				SWIFT_OPTIMIZATION_LEVEL = "-Onone";
			};
			name = Debug;
		};
		7EC9C8C21DCEE69E0049D11F /* Release */ = {
			isa = XCBuildConfiguration;
			buildSettings = {
				ALWAYS_SEARCH_USER_PATHS = NO;
				CLANG_ANALYZER_NONNULL = YES;
				CLANG_CXX_LANGUAGE_STANDARD = "gnu++0x";
				CLANG_CXX_LIBRARY = "libc++";
				CLANG_ENABLE_MODULES = YES;
				CLANG_ENABLE_OBJC_ARC = YES;
				CLANG_WARN_BOOL_CONVERSION = YES;
				CLANG_WARN_CONSTANT_CONVERSION = YES;
				CLANG_WARN_DIRECT_OBJC_ISA_USAGE = YES_ERROR;
				CLANG_WARN_EMPTY_BODY = YES;
				CLANG_WARN_ENUM_CONVERSION = YES;
				CLANG_WARN_INT_CONVERSION = YES;
				CLANG_WARN_OBJC_ROOT_CLASS = YES_ERROR;
				CLANG_WARN_UNREACHABLE_CODE = YES;
				CLANG_WARN__DUPLICATE_METHOD_MATCH = YES;
				"CODE_SIGN_IDENTITY[sdk=iphoneos*]" = "iPhone Developer";
				COPY_PHASE_STRIP = NO;
				DEBUG_INFORMATION_FORMAT = "dwarf-with-dsym";
				ENABLE_NS_ASSERTIONS = NO;
				ENABLE_STRICT_OBJC_MSGSEND = YES;
				GCC_C_LANGUAGE_STANDARD = gnu99;
				GCC_NO_COMMON_BLOCKS = YES;
				GCC_WARN_64_TO_32_BIT_CONVERSION = YES;
				GCC_WARN_ABOUT_RETURN_TYPE = YES_ERROR;
				GCC_WARN_UNDECLARED_SELECTOR = YES;
				GCC_WARN_UNINITIALIZED_AUTOS = YES_AGGRESSIVE;
				GCC_WARN_UNUSED_FUNCTION = YES;
				GCC_WARN_UNUSED_VARIABLE = YES;
				IPHONEOS_DEPLOYMENT_TARGET = 9.3;
				MTL_ENABLE_DEBUG_INFO = NO;
				SDKROOT = iphoneos;
				VALIDATE_PRODUCT = YES;
			};
			name = Release;
		};
		7EC9C8C41DCEE69E0049D11F /* Debug */ = {
			isa = XCBuildConfiguration;
			buildSettings = {
				ASSETCATALOG_COMPILER_APPICON_NAME = AppIcon;
				INFOPLIST_FILE = Bandaru_CoreDataGoesHollywood/Info.plist;
				LD_RUNPATH_SEARCH_PATHS = "$(inherited) @executable_path/Frameworks";
				PRODUCT_BUNDLE_IDENTIFIER = "edu.nwmissouri.Bandaru-CoreDataGoesHollywood";
				PRODUCT_NAME = "$(TARGET_NAME)";
			};
			name = Debug;
		};
		7EC9C8C51DCEE69E0049D11F /* Release */ = {
			isa = XCBuildConfiguration;
			buildSettings = {
				ASSETCATALOG_COMPILER_APPICON_NAME = AppIcon;
				INFOPLIST_FILE = Bandaru_CoreDataGoesHollywood/Info.plist;
				LD_RUNPATH_SEARCH_PATHS = "$(inherited) @executable_path/Frameworks";
				PRODUCT_BUNDLE_IDENTIFIER = "edu.nwmissouri.Bandaru-CoreDataGoesHollywood";
				PRODUCT_NAME = "$(TARGET_NAME)";
			};
			name = Release;
		};
/* End XCBuildConfiguration section */

/* Begin XCConfigurationList section */
		7EC9C8A91DCEE69E0049D11F /* Build configuration list for PBXProject "Bandaru_CoreDataGoesHollywood" */ = {
			isa = XCConfigurationList;
			buildConfigurations = (
				7EC9C8C11DCEE69E0049D11F /* Debug */,
				7EC9C8C21DCEE69E0049D11F /* Release */,
			);
			defaultConfigurationIsVisible = 0;
			defaultConfigurationName = Release;
		};
		7EC9C8C31DCEE69E0049D11F /* Build configuration list for PBXNativeTarget "Bandaru_CoreDataGoesHollywood" */ = {
			isa = XCConfigurationList;
			buildConfigurations = (
				7EC9C8C41DCEE69E0049D11F /* Debug */,
				7EC9C8C51DCEE69E0049D11F /* Release */,
			);
			defaultConfigurationIsVisible = 0;
			defaultConfigurationName = Release;
		};
/* End XCConfigurationList section */

/* Begin XCVersionGroup section */
		7EC9C8B81DCEE69E0049D11F /* Bandaru_CoreDataGoesHollywood.xcdatamodeld */ = {
			isa = XCVersionGroup;
			children = (
				7EC9C8B91DCEE69E0049D11F /* Bandaru_CoreDataGoesHollywood.xcdatamodel */,
			);
			currentVersion = 7EC9C8B91DCEE69E0049D11F /* Bandaru_CoreDataGoesHollywood.xcdatamodel */;
			path = Bandaru_CoreDataGoesHollywood.xcdatamodeld;
			sourceTree = "<group>";
			versionGroupType = wrapper.xcdatamodel;
		};
/* End XCVersionGroup section */
	};
	rootObject = 7EC9C8A61DCEE69E0049D11F /* Project object */;
}
